// !$*UTF8*$!
{
	archiveVersion = 1;
	classes = {
	};
	objectVersion = 56;
	objects = {

/* Begin PBXBuildFile section */
		3EC5153EF3948932627A1DA2 /* Pods_eTracker.framework in Frameworks */ = {isa = PBXBuildFile; fileRef = 27965C555EE14F3E479D0593 /* Pods_eTracker.framework */; };
		E3318EE02B9092DB00647C36 /* View+Extensions.swift in Sources */ = {isa = PBXBuildFile; fileRef = E3318EDF2B9092DB00647C36 /* View+Extensions.swift */; };
		E333E8BF2B7633DD00D6FEC5 /* eTrackerApp.swift in Sources */ = {isa = PBXBuildFile; fileRef = E333E8BE2B7633DD00D6FEC5 /* eTrackerApp.swift */; };
		E333E8C12B7633DD00D6FEC5 /* LandingView.swift in Sources */ = {isa = PBXBuildFile; fileRef = E333E8C02B7633DD00D6FEC5 /* LandingView.swift */; };
		E333E8C32B7633DF00D6FEC5 /* Assets.xcassets in Resources */ = {isa = PBXBuildFile; fileRef = E333E8C22B7633DF00D6FEC5 /* Assets.xcassets */; };
		E333E8C62B7633DF00D6FEC5 /* Preview Assets.xcassets in Resources */ = {isa = PBXBuildFile; fileRef = E333E8C52B7633DF00D6FEC5 /* Preview Assets.xcassets */; };
		E333E8C82B7633DF00D6FEC5 /* DataController.swift in Sources */ = {isa = PBXBuildFile; fileRef = E333E8C72B7633DF00D6FEC5 /* DataController.swift */; };
		E333E8CB2B7633DF00D6FEC5 /* eTracker.xcdatamodeld in Sources */ = {isa = PBXBuildFile; fileRef = E333E8C92B7633DF00D6FEC5 /* eTracker.xcdatamodeld */; };
		E333E8D62B76429D00D6FEC5 /* UIScreen+Extensions.swift in Sources */ = {isa = PBXBuildFile; fileRef = E333E8D52B76429D00D6FEC5 /* UIScreen+Extensions.swift */; };
		E333E8DB2B76660B00D6FEC5 /* CreatePlanView.swift in Sources */ = {isa = PBXBuildFile; fileRef = E333E8DA2B76660B00D6FEC5 /* CreatePlanView.swift */; };
		E333E8DF2B76760C00D6FEC5 /* EButton.swift in Sources */ = {isa = PBXBuildFile; fileRef = E333E8DE2B76760C00D6FEC5 /* EButton.swift */; };
		E333E8E12B76886800D6FEC5 /* HeaderView.swift in Sources */ = {isa = PBXBuildFile; fileRef = E333E8E02B76886800D6FEC5 /* HeaderView.swift */; };
		E333E8E62B768ABF00D6FEC5 /* NavigationHelper.swift in Sources */ = {isa = PBXBuildFile; fileRef = E333E8E52B768ABF00D6FEC5 /* NavigationHelper.swift */; };
		E354BB292B84A6080016EA48 /* ETextFormView.swift in Sources */ = {isa = PBXBuildFile; fileRef = E354BB282B84A6080016EA48 /* ETextFormView.swift */; };
		E354BB2B2B84ADCB0016EA48 /* String+Extensions.swift in Sources */ = {isa = PBXBuildFile; fileRef = E354BB2A2B84ADCB0016EA48 /* String+Extensions.swift */; };
		E354BB2E2B84BE5C0016EA48 /* Plan.swift in Sources */ = {isa = PBXBuildFile; fileRef = E354BB2D2B84BE5C0016EA48 /* Plan.swift */; };
		E358A51E2B907C4F005ABC18 /* Store.swift in Sources */ = {isa = PBXBuildFile; fileRef = E358A51D2B907C4F005ABC18 /* Store.swift */; };
		E358A5202B907C6D005ABC18 /* AppReducer.swift in Sources */ = {isa = PBXBuildFile; fileRef = E358A51F2B907C6D005ABC18 /* AppReducer.swift */; };
		E358A5222B907C8E005ABC18 /* PlanReducer.swift in Sources */ = {isa = PBXBuildFile; fileRef = E358A5212B907C8E005ABC18 /* PlanReducer.swift */; };
		E358A5262B907CCC005ABC18 /* PlansMiddleware.swift in Sources */ = {isa = PBXBuildFile; fileRef = E358A5252B907CCC005ABC18 /* PlansMiddleware.swift */; };
		E358A52A2B907D37005ABC18 /* Action.swift in Sources */ = {isa = PBXBuildFile; fileRef = E358A5292B907D37005ABC18 /* Action.swift */; };
		E358A52C2B907D48005ABC18 /* States.swift in Sources */ = {isa = PBXBuildFile; fileRef = E358A52B2B907D48005ABC18 /* States.swift */; };
		E36EAE052B8501F900BE2B50 /* ListPlansView.swift in Sources */ = {isa = PBXBuildFile; fileRef = E36EAE042B8501F900BE2B50 /* ListPlansView.swift */; };
		E36EAE072B8503C800BE2B50 /* TaskConfigurationTransformer.swift in Sources */ = {isa = PBXBuildFile; fileRef = E36EAE062B8503C800BE2B50 /* TaskConfigurationTransformer.swift */; };
		E3ADDE662B7E5B7500A25036 /* AddEventView.swift in Sources */ = {isa = PBXBuildFile; fileRef = E3ADDE652B7E5B7500A25036 /* AddEventView.swift */; };
		E3ADDE682B7E5C5800A25036 /* TextFieldModifier.swift in Sources */ = {isa = PBXBuildFile; fileRef = E3ADDE672B7E5C5800A25036 /* TextFieldModifier.swift */; };
		E3ADDE6A2B7E70FE00A25036 /* EDropDown.swift in Sources */ = {isa = PBXBuildFile; fileRef = E3ADDE692B7E70FE00A25036 /* EDropDown.swift */; };
/* End PBXBuildFile section */

/* Begin PBXFileReference section */
		0C8C38B178CEC2046F5D531A /* Pods-eTracker.release.xcconfig */ = {isa = PBXFileReference; includeInIndex = 1; lastKnownFileType = text.xcconfig; name = "Pods-eTracker.release.xcconfig"; path = "Target Support Files/Pods-eTracker/Pods-eTracker.release.xcconfig"; sourceTree = "<group>"; };
		27965C555EE14F3E479D0593 /* Pods_eTracker.framework */ = {isa = PBXFileReference; explicitFileType = wrapper.framework; includeInIndex = 0; path = Pods_eTracker.framework; sourceTree = BUILT_PRODUCTS_DIR; };
		B96CACA5C7166CF3EB0A0A12 /* Pods-eTracker.debug.xcconfig */ = {isa = PBXFileReference; includeInIndex = 1; lastKnownFileType = text.xcconfig; name = "Pods-eTracker.debug.xcconfig"; path = "Target Support Files/Pods-eTracker/Pods-eTracker.debug.xcconfig"; sourceTree = "<group>"; };
		E3318EDF2B9092DB00647C36 /* View+Extensions.swift */ = {isa = PBXFileReference; lastKnownFileType = sourcecode.swift; path = "View+Extensions.swift"; sourceTree = "<group>"; };
		E333E8BB2B7633DD00D6FEC5 /* eTracker.app */ = {isa = PBXFileReference; explicitFileType = wrapper.application; includeInIndex = 0; path = eTracker.app; sourceTree = BUILT_PRODUCTS_DIR; };
		E333E8BE2B7633DD00D6FEC5 /* eTrackerApp.swift */ = {isa = PBXFileReference; lastKnownFileType = sourcecode.swift; path = eTrackerApp.swift; sourceTree = "<group>"; };
		E333E8C02B7633DD00D6FEC5 /* LandingView.swift */ = {isa = PBXFileReference; lastKnownFileType = sourcecode.swift; path = LandingView.swift; sourceTree = "<group>"; };
		E333E8C22B7633DF00D6FEC5 /* Assets.xcassets */ = {isa = PBXFileReference; lastKnownFileType = folder.assetcatalog; path = Assets.xcassets; sourceTree = "<group>"; };
		E333E8C52B7633DF00D6FEC5 /* Preview Assets.xcassets */ = {isa = PBXFileReference; lastKnownFileType = folder.assetcatalog; path = "Preview Assets.xcassets"; sourceTree = "<group>"; };
		E333E8C72B7633DF00D6FEC5 /* DataController.swift */ = {isa = PBXFileReference; lastKnownFileType = sourcecode.swift; path = DataController.swift; sourceTree = "<group>"; };
		E333E8CA2B7633DF00D6FEC5 /* eTracker.xcdatamodel */ = {isa = PBXFileReference; lastKnownFileType = wrapper.xcdatamodel; path = eTracker.xcdatamodel; sourceTree = "<group>"; };
		E333E8D52B76429D00D6FEC5 /* UIScreen+Extensions.swift */ = {isa = PBXFileReference; lastKnownFileType = sourcecode.swift; path = "UIScreen+Extensions.swift"; sourceTree = "<group>"; };
		E333E8DA2B76660B00D6FEC5 /* CreatePlanView.swift */ = {isa = PBXFileReference; lastKnownFileType = sourcecode.swift; path = CreatePlanView.swift; sourceTree = "<group>"; };
		E333E8DE2B76760C00D6FEC5 /* EButton.swift */ = {isa = PBXFileReference; fileEncoding = 4; lastKnownFileType = sourcecode.swift; name = EButton.swift; path = eTracker/EButton.swift; sourceTree = SOURCE_ROOT; };
		E333E8E02B76886800D6FEC5 /* HeaderView.swift */ = {isa = PBXFileReference; lastKnownFileType = sourcecode.swift; path = HeaderView.swift; sourceTree = "<group>"; };
		E333E8E52B768ABF00D6FEC5 /* NavigationHelper.swift */ = {isa = PBXFileReference; lastKnownFileType = sourcecode.swift; path = NavigationHelper.swift; sourceTree = "<group>"; };
		E354BB282B84A6080016EA48 /* ETextFormView.swift */ = {isa = PBXFileReference; lastKnownFileType = sourcecode.swift; path = ETextFormView.swift; sourceTree = "<group>"; };
		E354BB2A2B84ADCB0016EA48 /* String+Extensions.swift */ = {isa = PBXFileReference; lastKnownFileType = sourcecode.swift; path = "String+Extensions.swift"; sourceTree = "<group>"; };
		E354BB2D2B84BE5C0016EA48 /* Plan.swift */ = {isa = PBXFileReference; lastKnownFileType = sourcecode.swift; path = Plan.swift; sourceTree = "<group>"; };
		E358A51D2B907C4F005ABC18 /* Store.swift */ = {isa = PBXFileReference; lastKnownFileType = sourcecode.swift; path = Store.swift; sourceTree = "<group>"; };
		E358A51F2B907C6D005ABC18 /* AppReducer.swift */ = {isa = PBXFileReference; lastKnownFileType = sourcecode.swift; path = AppReducer.swift; sourceTree = "<group>"; };
		E358A5212B907C8E005ABC18 /* PlanReducer.swift */ = {isa = PBXFileReference; lastKnownFileType = sourcecode.swift; path = PlanReducer.swift; sourceTree = "<group>"; };
		E358A5252B907CCC005ABC18 /* PlansMiddleware.swift */ = {isa = PBXFileReference; lastKnownFileType = sourcecode.swift; path = PlansMiddleware.swift; sourceTree = "<group>"; };
		E358A5292B907D37005ABC18 /* Action.swift */ = {isa = PBXFileReference; lastKnownFileType = sourcecode.swift; path = Action.swift; sourceTree = "<group>"; };
		E358A52B2B907D48005ABC18 /* States.swift */ = {isa = PBXFileReference; lastKnownFileType = sourcecode.swift; path = States.swift; sourceTree = "<group>"; };
		E36EAE042B8501F900BE2B50 /* ListPlansView.swift */ = {isa = PBXFileReference; lastKnownFileType = sourcecode.swift; path = ListPlansView.swift; sourceTree = "<group>"; };
		E36EAE062B8503C800BE2B50 /* TaskConfigurationTransformer.swift */ = {isa = PBXFileReference; lastKnownFileType = sourcecode.swift; path = TaskConfigurationTransformer.swift; sourceTree = "<group>"; };
		E3ADDE652B7E5B7500A25036 /* AddEventView.swift */ = {isa = PBXFileReference; lastKnownFileType = sourcecode.swift; path = AddEventView.swift; sourceTree = "<group>"; };
		E3ADDE672B7E5C5800A25036 /* TextFieldModifier.swift */ = {isa = PBXFileReference; lastKnownFileType = sourcecode.swift; path = TextFieldModifier.swift; sourceTree = "<group>"; };
		E3ADDE692B7E70FE00A25036 /* EDropDown.swift */ = {isa = PBXFileReference; lastKnownFileType = sourcecode.swift; path = EDropDown.swift; sourceTree = "<group>"; };
/* End PBXFileReference section */

/* Begin PBXFrameworksBuildPhase section */
		E333E8B82B7633DD00D6FEC5 /* Frameworks */ = {
			isa = PBXFrameworksBuildPhase;
			buildActionMask = 2147483647;
			files = (
				3EC5153EF3948932627A1DA2 /* Pods_eTracker.framework in Frameworks */,
			);
			runOnlyForDeploymentPostprocessing = 0;
		};
/* End PBXFrameworksBuildPhase section */

/* Begin PBXGroup section */
		A29A95A4B6861D12FFBD96C7 /* Pods */ = {
			isa = PBXGroup;
			children = (
				B96CACA5C7166CF3EB0A0A12 /* Pods-eTracker.debug.xcconfig */,
				0C8C38B178CEC2046F5D531A /* Pods-eTracker.release.xcconfig */,
			);
			path = Pods;
			sourceTree = "<group>";
		};
		D50CEBC3350E94D774281057 /* Frameworks */ = {
			isa = PBXGroup;
			children = (
				27965C555EE14F3E479D0593 /* Pods_eTracker.framework */,
			);
			name = Frameworks;
			sourceTree = "<group>";
		};
		E333E8B22B7633DD00D6FEC5 = {
			isa = PBXGroup;
			children = (
				E333E8BD2B7633DD00D6FEC5 /* eTracker */,
				E333E8BC2B7633DD00D6FEC5 /* Products */,
				A29A95A4B6861D12FFBD96C7 /* Pods */,
				D50CEBC3350E94D774281057 /* Frameworks */,
			);
			sourceTree = "<group>";
		};
		E333E8BC2B7633DD00D6FEC5 /* Products */ = {
			isa = PBXGroup;
			children = (
				E333E8BB2B7633DD00D6FEC5 /* eTracker.app */,
			);
			name = Products;
			sourceTree = "<group>";
		};
		E333E8BD2B7633DD00D6FEC5 /* eTracker */ = {
			isa = PBXGroup;
			children = (
				E333E8BE2B7633DD00D6FEC5 /* eTrackerApp.swift */,
				E358A51C2B907C32005ABC18 /* Store */,
				E354BB2C2B84BE450016EA48 /* Data */,
				E333E8E42B768AA400D6FEC5 /* Navigation */,
				E333E8D92B76659B00D6FEC5 /* Extension */,
				E333E8D82B76658800D6FEC5 /* UIComponents */,
				E333E8D72B76657D00D6FEC5 /* Screens */,
				E333E8C22B7633DF00D6FEC5 /* Assets.xcassets */,
				E333E8C92B7633DF00D6FEC5 /* eTracker.xcdatamodeld */,
				E333E8C42B7633DF00D6FEC5 /* Preview Content */,
			);
			path = eTracker;
			sourceTree = "<group>";
		};
		E333E8C42B7633DF00D6FEC5 /* Preview Content */ = {
			isa = PBXGroup;
			children = (
				E333E8C52B7633DF00D6FEC5 /* Preview Assets.xcassets */,
			);
			path = "Preview Content";
			sourceTree = "<group>";
		};
		E333E8D72B76657D00D6FEC5 /* Screens */ = {
			isa = PBXGroup;
			children = (
				E333E8C02B7633DD00D6FEC5 /* LandingView.swift */,
				E333E8DA2B76660B00D6FEC5 /* CreatePlanView.swift */,
				E3ADDE652B7E5B7500A25036 /* AddEventView.swift */,
				E36EAE042B8501F900BE2B50 /* ListPlansView.swift */,
			);
			path = Screens;
			sourceTree = "<group>";
		};
		E333E8D82B76658800D6FEC5 /* UIComponents */ = {
			isa = PBXGroup;
			children = (
				E333E8E02B76886800D6FEC5 /* HeaderView.swift */,
				E333E8DE2B76760C00D6FEC5 /* EButton.swift */,
				E3ADDE672B7E5C5800A25036 /* TextFieldModifier.swift */,
				E3ADDE692B7E70FE00A25036 /* EDropDown.swift */,
				E354BB282B84A6080016EA48 /* ETextFormView.swift */,
			);
			path = UIComponents;
			sourceTree = "<group>";
		};
		E333E8D92B76659B00D6FEC5 /* Extension */ = {
			isa = PBXGroup;
			children = (
				E333E8D52B76429D00D6FEC5 /* UIScreen+Extensions.swift */,
				E354BB2A2B84ADCB0016EA48 /* String+Extensions.swift */,
				E3318EDF2B9092DB00647C36 /* View+Extensions.swift */,
			);
			path = Extension;
			sourceTree = "<group>";
		};
		E333E8E42B768AA400D6FEC5 /* Navigation */ = {
			isa = PBXGroup;
			children = (
				E333E8E52B768ABF00D6FEC5 /* NavigationHelper.swift */,
			);
			path = Navigation;
			sourceTree = "<group>";
		};
		E354BB2C2B84BE450016EA48 /* Data */ = {
			isa = PBXGroup;
			children = (
				E333E8C72B7633DF00D6FEC5 /* DataController.swift */,
				E354BB2D2B84BE5C0016EA48 /* Plan.swift */,
				E36EAE062B8503C800BE2B50 /* TaskConfigurationTransformer.swift */,
			);
			path = Data;
			sourceTree = "<group>";
		};
		E358A51C2B907C32005ABC18 /* Store */ = {
			isa = PBXGroup;
			children = (
				E358A51D2B907C4F005ABC18 /* Store.swift */,
				E358A5282B907D21005ABC18 /* States */,
				E358A5272B907D02005ABC18 /* Actions */,
				E358A5242B907CB7005ABC18 /* Middlewares */,
				E358A5232B907C9F005ABC18 /* Reducer */,
			);
			path = Store;
			sourceTree = "<group>";
		};
		E358A5232B907C9F005ABC18 /* Reducer */ = {
			isa = PBXGroup;
			children = (
				E358A51F2B907C6D005ABC18 /* AppReducer.swift */,
				E358A5212B907C8E005ABC18 /* PlanReducer.swift */,
			);
			path = Reducer;
			sourceTree = "<group>";
		};
		E358A5242B907CB7005ABC18 /* Middlewares */ = {
			isa = PBXGroup;
			children = (
				E358A5252B907CCC005ABC18 /* PlansMiddleware.swift */,
			);
			path = Middlewares;
			sourceTree = "<group>";
		};
		E358A5272B907D02005ABC18 /* Actions */ = {
			isa = PBXGroup;
			children = (
				E358A5292B907D37005ABC18 /* Action.swift */,
			);
			path = Actions;
			sourceTree = "<group>";
		};
		E358A5282B907D21005ABC18 /* States */ = {
			isa = PBXGroup;
			children = (
				E358A52B2B907D48005ABC18 /* States.swift */,
			);
			path = States;
			sourceTree = "<group>";
		};
/* End PBXGroup section */

/* Begin PBXNativeTarget section */
		E333E8BA2B7633DD00D6FEC5 /* eTracker */ = {
			isa = PBXNativeTarget;
			buildConfigurationList = E333E8CE2B7633DF00D6FEC5 /* Build configuration list for PBXNativeTarget "eTracker" */;
			buildPhases = (
				DBC3858A92381ABA029A7B00 /* [CP] Check Pods Manifest.lock */,
				E333E8B72B7633DD00D6FEC5 /* Sources */,
				E333E8B82B7633DD00D6FEC5 /* Frameworks */,
				E333E8B92B7633DD00D6FEC5 /* Resources */,
				78017503719A016A5C8C3BCC /* [CP] Embed Pods Frameworks */,
			);
			buildRules = (
			);
			dependencies = (
			);
			name = eTracker;
			productName = eTracker;
			productReference = E333E8BB2B7633DD00D6FEC5 /* eTracker.app */;
			productType = "com.apple.product-type.application";
		};
/* End PBXNativeTarget section */

/* Begin PBXProject section */
		E333E8B32B7633DD00D6FEC5 /* Project object */ = {
			isa = PBXProject;
			attributes = {
				BuildIndependentTargetsInParallel = 1;
				LastSwiftUpdateCheck = 1520;
				LastUpgradeCheck = 1520;
				TargetAttributes = {
					E333E8BA2B7633DD00D6FEC5 = {
						CreatedOnToolsVersion = 15.2;
					};
				};
			};
			buildConfigurationList = E333E8B62B7633DD00D6FEC5 /* Build configuration list for PBXProject "eTracker" */;
			compatibilityVersion = "Xcode 14.0";
			developmentRegion = en;
			hasScannedForEncodings = 0;
			knownRegions = (
				en,
				Base,
			);
			mainGroup = E333E8B22B7633DD00D6FEC5;
			productRefGroup = E333E8BC2B7633DD00D6FEC5 /* Products */;
			projectDirPath = "";
			projectRoot = "";
			targets = (
				E333E8BA2B7633DD00D6FEC5 /* eTracker */,
			);
		};
/* End PBXProject section */

/* Begin PBXResourcesBuildPhase section */
		E333E8B92B7633DD00D6FEC5 /* Resources */ = {
			isa = PBXResourcesBuildPhase;
			buildActionMask = 2147483647;
			files = (
				E333E8C62B7633DF00D6FEC5 /* Preview Assets.xcassets in Resources */,
				E333E8C32B7633DF00D6FEC5 /* Assets.xcassets in Resources */,
			);
			runOnlyForDeploymentPostprocessing = 0;
		};
/* End PBXResourcesBuildPhase section */

/* Begin PBXShellScriptBuildPhase section */
		78017503719A016A5C8C3BCC /* [CP] Embed Pods Frameworks */ = {
			isa = PBXShellScriptBuildPhase;
			buildActionMask = 2147483647;
			files = (
			);
			inputFileListPaths = (
				"${PODS_ROOT}/Target Support Files/Pods-eTracker/Pods-eTracker-frameworks-${CONFIGURATION}-input-files.xcfilelist",
			);
			name = "[CP] Embed Pods Frameworks";
			outputFileListPaths = (
				"${PODS_ROOT}/Target Support Files/Pods-eTracker/Pods-eTracker-frameworks-${CONFIGURATION}-output-files.xcfilelist",
			);
			runOnlyForDeploymentPostprocessing = 0;
			shellPath = /bin/sh;
			shellScript = "\"${PODS_ROOT}/Target Support Files/Pods-eTracker/Pods-eTracker-frameworks.sh\"\n";
			showEnvVarsInLog = 0;
		};
		DBC3858A92381ABA029A7B00 /* [CP] Check Pods Manifest.lock */ = {
			isa = PBXShellScriptBuildPhase;
			buildActionMask = 2147483647;
			files = (
			);
			inputFileListPaths = (
			);
			inputPaths = (
				"${PODS_PODFILE_DIR_PATH}/Podfile.lock",
				"${PODS_ROOT}/Manifest.lock",
			);
			name = "[CP] Check Pods Manifest.lock";
			outputFileListPaths = (
			);
			outputPaths = (
				"$(DERIVED_FILE_DIR)/Pods-eTracker-checkManifestLockResult.txt",
			);
			runOnlyForDeploymentPostprocessing = 0;
			shellPath = /bin/sh;
			shellScript = "diff \"${PODS_PODFILE_DIR_PATH}/Podfile.lock\" \"${PODS_ROOT}/Manifest.lock\" > /dev/null\nif [ $? != 0 ] ; then\n    # print error to STDERR\n    echo \"error: The sandbox is not in sync with the Podfile.lock. Run 'pod install' or update your CocoaPods installation.\" >&2\n    exit 1\nfi\n# This output is used by Xcode 'outputs' to avoid re-running this script phase.\necho \"SUCCESS\" > \"${SCRIPT_OUTPUT_FILE_0}\"\n";
			showEnvVarsInLog = 0;
		};
/* End PBXShellScriptBuildPhase section */

/* Begin PBXSourcesBuildPhase section */
		E333E8B72B7633DD00D6FEC5 /* Sources */ = {
			isa = PBXSourcesBuildPhase;
			buildActionMask = 2147483647;
			files = (
				E333E8DF2B76760C00D6FEC5 /* EButton.swift in Sources */,
				E358A52A2B907D37005ABC18 /* Action.swift in Sources */,
				E333E8D62B76429D00D6FEC5 /* UIScreen+Extensions.swift in Sources */,
				E333E8C82B7633DF00D6FEC5 /* DataController.swift in Sources */,
				E358A51E2B907C4F005ABC18 /* Store.swift in Sources */,
				E358A5202B907C6D005ABC18 /* AppReducer.swift in Sources */,
				E36EAE052B8501F900BE2B50 /* ListPlansView.swift in Sources */,
				E333E8C12B7633DD00D6FEC5 /* LandingView.swift in Sources */,
				E354BB2B2B84ADCB0016EA48 /* String+Extensions.swift in Sources */,
				E333E8CB2B7633DF00D6FEC5 /* eTracker.xcdatamodeld in Sources */,
				E3ADDE662B7E5B7500A25036 /* AddEventView.swift in Sources */,
				E333E8DB2B76660B00D6FEC5 /* CreatePlanView.swift in Sources */,
				E3ADDE682B7E5C5800A25036 /* TextFieldModifier.swift in Sources */,
				E3ADDE6A2B7E70FE00A25036 /* EDropDown.swift in Sources */,
				E358A5262B907CCC005ABC18 /* PlansMiddleware.swift in Sources */,
				E333E8BF2B7633DD00D6FEC5 /* eTrackerApp.swift in Sources */,
				E354BB292B84A6080016EA48 /* ETextFormView.swift in Sources */,
				E333E8E62B768ABF00D6FEC5 /* NavigationHelper.swift in Sources */,
				E333E8E12B76886800D6FEC5 /* HeaderView.swift in Sources */,
				E358A5222B907C8E005ABC18 /* PlanReducer.swift in Sources */,
				E358A52C2B907D48005ABC18 /* States.swift in Sources */,
				E354BB2E2B84BE5C0016EA48 /* Plan.swift in Sources */,
				E3318EE02B9092DB00647C36 /* View+Extensions.swift in Sources */,
				E36EAE072B8503C800BE2B50 /* TaskConfigurationTransformer.swift in Sources */,
			);
			runOnlyForDeploymentPostprocessing = 0;
		};
/* End PBXSourcesBuildPhase section */

/* Begin XCBuildConfiguration section */
		E333E8CC2B7633DF00D6FEC5 /* Debug */ = {
			isa = XCBuildConfiguration;
			buildSettings = {
				ALWAYS_SEARCH_USER_PATHS = NO;
				ASSETCATALOG_COMPILER_GENERATE_SWIFT_ASSET_SYMBOL_EXTENSIONS = YES;
				CLANG_ANALYZER_NONNULL = YES;
				CLANG_ANALYZER_NUMBER_OBJECT_CONVERSION = YES_AGGRESSIVE;
				CLANG_CXX_LANGUAGE_STANDARD = "gnu++20";
				CLANG_ENABLE_MODULES = YES;
				CLANG_ENABLE_OBJC_ARC = YES;
				CLANG_ENABLE_OBJC_WEAK = YES;
				CLANG_WARN_BLOCK_CAPTURE_AUTORELEASING = YES;
				CLANG_WARN_BOOL_CONVERSION = YES;
				CLANG_WARN_COMMA = YES;
				CLANG_WARN_CONSTANT_CONVERSION = YES;
				CLANG_WARN_DEPRECATED_OBJC_IMPLEMENTATIONS = YES;
				CLANG_WARN_DIRECT_OBJC_ISA_USAGE = YES_ERROR;
				CLANG_WARN_DOCUMENTATION_COMMENTS = YES;
				CLANG_WARN_EMPTY_BODY = YES;
				CLANG_WARN_ENUM_CONVERSION = YES;
				CLANG_WARN_INFINITE_RECURSION = YES;
				CLANG_WARN_INT_CONVERSION = YES;
				CLANG_WARN_NON_LITERAL_NULL_CONVERSION = YES;
				CLANG_WARN_OBJC_IMPLICIT_RETAIN_SELF = YES;
				CLANG_WARN_OBJC_LITERAL_CONVERSION = YES;
				CLANG_WARN_OBJC_ROOT_CLASS = YES_ERROR;
				CLANG_WARN_QUOTED_INCLUDE_IN_FRAMEWORK_HEADER = YES;
				CLANG_WARN_RANGE_LOOP_ANALYSIS = YES;
				CLANG_WARN_STRICT_PROTOTYPES = YES;
				CLANG_WARN_SUSPICIOUS_MOVE = YES;
				CLANG_WARN_UNGUARDED_AVAILABILITY = YES_AGGRESSIVE;
				CLANG_WARN_UNREACHABLE_CODE = YES;
				CLANG_WARN__DUPLICATE_METHOD_MATCH = YES;
				COPY_PHASE_STRIP = NO;
				DEBUG_INFORMATION_FORMAT = dwarf;
				ENABLE_STRICT_OBJC_MSGSEND = YES;
				ENABLE_TESTABILITY = YES;
				ENABLE_USER_SCRIPT_SANDBOXING = NO;
				GCC_C_LANGUAGE_STANDARD = gnu17;
				GCC_DYNAMIC_NO_PIC = NO;
				GCC_NO_COMMON_BLOCKS = YES;
				GCC_OPTIMIZATION_LEVEL = 0;
				GCC_PREPROCESSOR_DEFINITIONS = (
					"DEBUG=1",
					"$(inherited)",
				);
				GCC_WARN_64_TO_32_BIT_CONVERSION = YES;
				GCC_WARN_ABOUT_RETURN_TYPE = YES_ERROR;
				GCC_WARN_UNDECLARED_SELECTOR = YES;
				GCC_WARN_UNINITIALIZED_AUTOS = YES_AGGRESSIVE;
				GCC_WARN_UNUSED_FUNCTION = YES;
				GCC_WARN_UNUSED_VARIABLE = YES;
				IPHONEOS_DEPLOYMENT_TARGET = 17.2;
				LOCALIZATION_PREFERS_STRING_CATALOGS = YES;
				MTL_ENABLE_DEBUG_INFO = INCLUDE_SOURCE;
				MTL_FAST_MATH = YES;
				ONLY_ACTIVE_ARCH = YES;
				SDKROOT = iphoneos;
				SWIFT_ACTIVE_COMPILATION_CONDITIONS = "DEBUG $(inherited)";
				SWIFT_OPTIMIZATION_LEVEL = "-Onone";
			};
			name = Debug;
		};
		E333E8CD2B7633DF00D6FEC5 /* Release */ = {
			isa = XCBuildConfiguration;
			buildSettings = {
				ALWAYS_SEARCH_USER_PATHS = NO;
				ASSETCATALOG_COMPILER_GENERATE_SWIFT_ASSET_SYMBOL_EXTENSIONS = YES;
				CLANG_ANALYZER_NONNULL = YES;
				CLANG_ANALYZER_NUMBER_OBJECT_CONVERSION = YES_AGGRESSIVE;
				CLANG_CXX_LANGUAGE_STANDARD = "gnu++20";
				CLANG_ENABLE_MODULES = YES;
				CLANG_ENABLE_OBJC_ARC = YES;
				CLANG_ENABLE_OBJC_WEAK = YES;
				CLANG_WARN_BLOCK_CAPTURE_AUTORELEASING = YES;
				CLANG_WARN_BOOL_CONVERSION = YES;
				CLANG_WARN_COMMA = YES;
				CLANG_WARN_CONSTANT_CONVERSION = YES;
				CLANG_WARN_DEPRECATED_OBJC_IMPLEMENTATIONS = YES;
				CLANG_WARN_DIRECT_OBJC_ISA_USAGE = YES_ERROR;
				CLANG_WARN_DOCUMENTATION_COMMENTS = YES;
				CLANG_WARN_EMPTY_BODY = YES;
				CLANG_WARN_ENUM_CONVERSION = YES;
				CLANG_WARN_INFINITE_RECURSION = YES;
				CLANG_WARN_INT_CONVERSION = YES;
				CLANG_WARN_NON_LITERAL_NULL_CONVERSION = YES;
				CLANG_WARN_OBJC_IMPLICIT_RETAIN_SELF = YES;
				CLANG_WARN_OBJC_LITERAL_CONVERSION = YES;
				CLANG_WARN_OBJC_ROOT_CLASS = YES_ERROR;
				CLANG_WARN_QUOTED_INCLUDE_IN_FRAMEWORK_HEADER = YES;
				CLANG_WARN_RANGE_LOOP_ANALYSIS = YES;
				CLANG_WARN_STRICT_PROTOTYPES = YES;
				CLANG_WARN_SUSPICIOUS_MOVE = YES;
				CLANG_WARN_UNGUARDED_AVAILABILITY = YES_AGGRESSIVE;
				CLANG_WARN_UNREACHABLE_CODE = YES;
				CLANG_WARN__DUPLICATE_METHOD_MATCH = YES;
				COPY_PHASE_STRIP = NO;
				DEBUG_INFORMATION_FORMAT = "dwarf-with-dsym";
				ENABLE_NS_ASSERTIONS = NO;
				ENABLE_STRICT_OBJC_MSGSEND = YES;
				ENABLE_USER_SCRIPT_SANDBOXING = NO;
				GCC_C_LANGUAGE_STANDARD = gnu17;
				GCC_NO_COMMON_BLOCKS = YES;
				GCC_WARN_64_TO_32_BIT_CONVERSION = YES;
				GCC_WARN_ABOUT_RETURN_TYPE = YES_ERROR;
				GCC_WARN_UNDECLARED_SELECTOR = YES;
				GCC_WARN_UNINITIALIZED_AUTOS = YES_AGGRESSIVE;
				GCC_WARN_UNUSED_FUNCTION = YES;
				GCC_WARN_UNUSED_VARIABLE = YES;
				IPHONEOS_DEPLOYMENT_TARGET = 17.2;
				LOCALIZATION_PREFERS_STRING_CATALOGS = YES;
				MTL_ENABLE_DEBUG_INFO = NO;
				MTL_FAST_MATH = YES;
				SDKROOT = iphoneos;
				SWIFT_COMPILATION_MODE = wholemodule;
				VALIDATE_PRODUCT = YES;
			};
			name = Release;
		};
		E333E8CF2B7633DF00D6FEC5 /* Debug */ = {
			isa = XCBuildConfiguration;
			baseConfigurationReference = B96CACA5C7166CF3EB0A0A12 /* Pods-eTracker.debug.xcconfig */;
			buildSettings = {
				ASSETCATALOG_COMPILER_APPICON_NAME = AppIcon;
				ASSETCATALOG_COMPILER_GLOBAL_ACCENT_COLOR_NAME = AccentColor;
				CODE_SIGN_STYLE = Automatic;
				CURRENT_PROJECT_VERSION = 1;
				DEVELOPMENT_ASSET_PATHS = "\"eTracker/Preview Content\"";
				DEVELOPMENT_TEAM = M8B867757K;
				ENABLE_PREVIEWS = YES;
				GENERATE_INFOPLIST_FILE = YES;
				INFOPLIST_KEY_UIApplicationSceneManifest_Generation = YES;
				INFOPLIST_KEY_UIApplicationSupportsIndirectInputEvents = YES;
				INFOPLIST_KEY_UILaunchScreen_Generation = YES;
				INFOPLIST_KEY_UISupportedInterfaceOrientations_iPad = "UIInterfaceOrientationPortrait UIInterfaceOrientationPortraitUpsideDown UIInterfaceOrientationLandscapeLeft UIInterfaceOrientationLandscapeRight";
				INFOPLIST_KEY_UISupportedInterfaceOrientations_iPhone = "UIInterfaceOrientationPortrait UIInterfaceOrientationLandscapeLeft UIInterfaceOrientationLandscapeRight";
				IPHONEOS_DEPLOYMENT_TARGET = 16.0;
				LD_RUNPATH_SEARCH_PATHS = (
					"$(inherited)",
					"@executable_path/Frameworks",
				);
				MARKETING_VERSION = 1.0;
				PRODUCT_BUNDLE_IDENTIFIER = carlos.goncalves.eTracker;
				PRODUCT_NAME = "$(TARGET_NAME)";
				SWIFT_EMIT_LOC_STRINGS = YES;
				SWIFT_VERSION = 5.0;
				TARGETED_DEVICE_FAMILY = "1,2";
			};
			name = Debug;
		};
		E333E8D02B7633DF00D6FEC5 /* Release */ = {
			isa = XCBuildConfiguration;
			baseConfigurationReference = 0C8C38B178CEC2046F5D531A /* Pods-eTracker.release.xcconfig */;
			buildSettings = {
				ASSETCATALOG_COMPILER_APPICON_NAME = AppIcon;
				ASSETCATALOG_COMPILER_GLOBAL_ACCENT_COLOR_NAME = AccentColor;
				CODE_SIGN_STYLE = Automatic;
				CURRENT_PROJECT_VERSION = 1;
				DEVELOPMENT_ASSET_PATHS = "\"eTracker/Preview Content\"";
				DEVELOPMENT_TEAM = M8B867757K;
				ENABLE_PREVIEWS = YES;
				GENERATE_INFOPLIST_FILE = YES;
				INFOPLIST_KEY_UIApplicationSceneManifest_Generation = YES;
				INFOPLIST_KEY_UIApplicationSupportsIndirectInputEvents = YES;
				INFOPLIST_KEY_UILaunchScreen_Generation = YES;
				INFOPLIST_KEY_UISupportedInterfaceOrientations_iPad = "UIInterfaceOrientationPortrait UIInterfaceOrientationPortraitUpsideDown UIInterfaceOrientationLandscapeLeft UIInterfaceOrientationLandscapeRight";
				INFOPLIST_KEY_UISupportedInterfaceOrientations_iPhone = "UIInterfaceOrientationPortrait UIInterfaceOrientationLandscapeLeft UIInterfaceOrientationLandscapeRight";
				IPHONEOS_DEPLOYMENT_TARGET = 16.0;
				LD_RUNPATH_SEARCH_PATHS = (
					"$(inherited)",
					"@executable_path/Frameworks",
				);
				MARKETING_VERSION = 1.0;
				PRODUCT_BUNDLE_IDENTIFIER = carlos.goncalves.eTracker;
				PRODUCT_NAME = "$(TARGET_NAME)";
				SWIFT_EMIT_LOC_STRINGS = YES;
				SWIFT_VERSION = 5.0;
				TARGETED_DEVICE_FAMILY = "1,2";
			};
			name = Release;
		};
/* End XCBuildConfiguration section */

/* Begin XCConfigurationList section */
		E333E8B62B7633DD00D6FEC5 /* Build configuration list for PBXProject "eTracker" */ = {
			isa = XCConfigurationList;
			buildConfigurations = (
				E333E8CC2B7633DF00D6FEC5 /* Debug */,
				E333E8CD2B7633DF00D6FEC5 /* Release */,
			);
			defaultConfigurationIsVisible = 0;
			defaultConfigurationName = Release;
		};
		E333E8CE2B7633DF00D6FEC5 /* Build configuration list for PBXNativeTarget "eTracker" */ = {
			isa = XCConfigurationList;
			buildConfigurations = (
				E333E8CF2B7633DF00D6FEC5 /* Debug */,
				E333E8D02B7633DF00D6FEC5 /* Release */,
			);
			defaultConfigurationIsVisible = 0;
			defaultConfigurationName = Release;
		};
/* End XCConfigurationList section */

/* Begin XCVersionGroup section */
		E333E8C92B7633DF00D6FEC5 /* eTracker.xcdatamodeld */ = {
			isa = XCVersionGroup;
			children = (
				E333E8CA2B7633DF00D6FEC5 /* eTracker.xcdatamodel */,
			);
			currentVersion = E333E8CA2B7633DF00D6FEC5 /* eTracker.xcdatamodel */;
			path = eTracker.xcdatamodeld;
			sourceTree = "<group>";
			versionGroupType = wrapper.xcdatamodel;
		};
/* End XCVersionGroup section */
	};
	rootObject = E333E8B32B7633DD00D6FEC5 /* Project object */;
}
